
Microsoft Visual Studio Solution File, Format Version 12.00
# Visual Studio 15
VisualStudioVersion = 15.0.28307.757
MinimumVisualStudioVersion = 10.0.40219.1
Project("{FAE04EC0-301F-11D3-BF4B-00C04F79EFBC}") = "Test", "Test\Test.csproj", "{0894219C-12E0-4C19-9C63-F75E231F2857}"
EndProject
Global
	GlobalSection(SolutionConfigurationPlatforms) = preSolution
		Debug|Any CPU = Debug|Any CPU
		Release|Any CPU = Release|Any CPU
	EndGlobalSection
	GlobalSection(ProjectConfigurationPlatforms) = postSolution
		{0894219C-12E0-4C19-9C63-F75E231F2857}.Debug|Any CPU.ActiveCfg = Debug|Any CPU
		{0894219C-12E0-4C19-9C63-F75E231F2857}.Debug|Any CPU.Build.0 = Debug|Any CPU
		{0894219C-12E0-4C19-9C63-F75E231F2857}.Release|Any CPU.ActiveCfg = Release|Any CPU
		{0894219C-12E0-4C19-9C63-F75E231F2857}.Release|Any CPU.Build.0 = Release|Any CPU
	EndGlobalSection
	GlobalSection(SolutionProperties) = preSolution
		HideSolutionNode = FALSE
	EndGlobalSection
	GlobalSection(ExtensibilityGlobals) = postSolution
		SolutionGuid = {46B01126-CB0B-4290-A4D5-1D0BF150B55A}
	EndGlobalSection
EndGlobal
